Microsoft Visual Studio Solution File, Format Version 12.00
# Visual Studio Version 17
VisualStudioVersion = 17.5.2.0
MinimumVisualStudioVersion = 10.0.40219.1
Project("{FAE04EC0-301F-11D3-BF4B-00C04F79EFBC}") = "thermometer", "thermometer.csproj", "{237DE1F2-28C8-41EA-6FA1-2AA73F56A8C9}"
EndProject
Global
	GlobalSection(SolutionConfigurationPlatforms) = preSolution
		Debug|Any CPU = Debug|Any CPU
		Release|Any CPU = Release|Any CPU
	EndGlobalSection
	GlobalSection(ProjectConfigurationPlatforms) = postSolution
		{237DE1F2-28C8-41EA-6FA1-2AA73F56A8C9}.Debug|Any CPU.ActiveCfg = Debug|Any CPU
		{237DE1F2-28C8-41EA-6FA1-2AA73F56A8C9}.Debug|Any CPU.Build.0 = Debug|Any CPU
		{237DE1F2-28C8-41EA-6FA1-2AA73F56A8C9}.Release|Any CPU.ActiveCfg = Release|Any CPU
		{237DE1F2-28C8-41EA-6FA1-2AA73F56A8C9}.Release|Any CPU.Build.0 = Release|Any CPU
	EndGlobalSection
	GlobalSection(SolutionProperties) = preSolution
		HideSolutionNode = FALSE
	EndGlobalSection
	GlobalSection(ExtensibilityGlobals) = postSolution
		SolutionGuid = {B12AE227-6C4C-4EC4-8C56-CAE0E6AE0E6A}
	EndGlobalSection
EndGlobal
